
Microsoft Visual Studio Solution File, Format Version 12.00
Project("{FAE04EC0-301F-11D3-BF4B-00C04F79EFBC}") = "Ai.Orchestrator.Plugins.UseMemos", "Ai.Orchestrator.Plugins.UseMemos\Ai.Orchestrator.Plugins.UseMemos.csproj", "{319721ED-89DC-4275-BB54-69C7B98DACD8}"
EndProject
Global
	GlobalSection(SolutionConfigurationPlatforms) = preSolution
		Debug|Any CPU = Debug|Any CPU
		Release|Any CPU = Release|Any CPU
	EndGlobalSection
	GlobalSection(ProjectConfigurationPlatforms) = postSolution
		{319721ED-89DC-4275-BB54-69C7B98DACD8}.Debug|Any CPU.ActiveCfg = Debug|Any CPU
		{319721ED-89DC-4275-BB54-69C7B98DACD8}.Debug|Any CPU.Build.0 = Debug|Any CPU
		{319721ED-89DC-4275-BB54-69C7B98DACD8}.Release|Any CPU.ActiveCfg = Release|Any CPU
		{319721ED-89DC-4275-BB54-69C7B98DACD8}.Release|Any CPU.Build.0 = Release|Any CPU
	EndGlobalSection
EndGlobal
